
Microsoft Visual Studio Solution File, Format Version 12.00
# Visual Studio 14
VisualStudioVersion = 14.0.25123.0
MinimumVisualStudioVersion = 10.0.40219.1
Project("{FAE04EC0-301F-11D3-BF4B-00C04F79EFBC}") = "TicTacToeServer", "TicTacToeServer\TicTacToeServer.csproj", "{518FD6CA-EDF7-4257-A5F4-7AA7F85A6157}"
EndProject
Project("{FAE04EC0-301F-11D3-BF4B-00C04F79EFBC}") = "TicTacToe", "TicTacToe\TicTacToe.csproj", "{2DABCAF9-E627-4D8C-837E-AD15F92D8B00}"
EndProject
Global
	GlobalSection(SolutionConfigurationPlatforms) = preSolution
		Debug|Any CPU = Debug|Any CPU
		Debug|x86 = Debug|x86
		Release|Any CPU = Release|Any CPU
		Release|x86 = Release|x86
	EndGlobalSection
	GlobalSection(ProjectConfigurationPlatforms) = postSolution
		{518FD6CA-EDF7-4257-A5F4-7AA7F85A6157}.Debug|Any CPU.ActiveCfg = Debug|Any CPU
		{518FD6CA-EDF7-4257-A5F4-7AA7F85A6157}.Debug|Any CPU.Build.0 = Debug|Any CPU
		{518FD6CA-EDF7-4257-A5F4-7AA7F85A6157}.Debug|x86.ActiveCfg = Debug|x86
		{518FD6CA-EDF7-4257-A5F4-7AA7F85A6157}.Debug|x86.Build.0 = Debug|x86
		{518FD6CA-EDF7-4257-A5F4-7AA7F85A6157}.Release|Any CPU.ActiveCfg = Release|Any CPU
		{518FD6CA-EDF7-4257-A5F4-7AA7F85A6157}.Release|Any CPU.Build.0 = Release|Any CPU
		{518FD6CA-EDF7-4257-A5F4-7AA7F85A6157}.Release|x86.ActiveCfg = Release|x86
		{518FD6CA-EDF7-4257-A5F4-7AA7F85A6157}.Release|x86.Build.0 = Release|x86
		{2DABCAF9-E627-4D8C-837E-AD15F92D8B00}.Debug|Any CPU.ActiveCfg = Debug|Any CPU
		{2DABCAF9-E627-4D8C-837E-AD15F92D8B00}.Debug|Any CPU.Build.0 = Debug|Any CPU
		{2DABCAF9-E627-4D8C-837E-AD15F92D8B00}.Debug|x86.ActiveCfg = Debug|Any CPU
		{2DABCAF9-E627-4D8C-837E-AD15F92D8B00}.Debug|x86.Build.0 = Debug|Any CPU
		{2DABCAF9-E627-4D8C-837E-AD15F92D8B00}.Release|Any CPU.ActiveCfg = Release|Any CPU
		{2DABCAF9-E627-4D8C-837E-AD15F92D8B00}.Release|Any CPU.Build.0 = Release|Any CPU
		{2DABCAF9-E627-4D8C-837E-AD15F92D8B00}.Release|x86.ActiveCfg = Release|Any CPU
		{2DABCAF9-E627-4D8C-837E-AD15F92D8B00}.Release|x86.Build.0 = Release|Any CPU
	EndGlobalSection
	GlobalSection(SolutionProperties) = preSolution
		HideSolutionNode = FALSE
	EndGlobalSection
EndGlobal
